// !$*UTF8*$!
{
	archiveVersion = 1;
	classes = {
	};
	objectVersion = 51;
	objects = {

/* Begin PBXBuildFile section */
		AB6F0D055C6B529DC879A6D3 /* Pods_MyNewsApp.framework in Frameworks */ = {isa = PBXBuildFile; fileRef = 181925AC82BBCABACE5B3ACD /* Pods_MyNewsApp.framework */; };
		C1AF342622FF94A900D4E8B9 /* AppDelegate.swift in Sources */ = {isa = PBXBuildFile; fileRef = C1AF342522FF94A900D4E8B9 /* AppDelegate.swift */; };
		C1AF342822FF94A900D4E8B9 /* ViewController.swift in Sources */ = {isa = PBXBuildFile; fileRef = C1AF342722FF94A900D4E8B9 /* ViewController.swift */; };
		C1AF342B22FF94A900D4E8B9 /* Main.storyboard in Resources */ = {isa = PBXBuildFile; fileRef = C1AF342922FF94A900D4E8B9 /* Main.storyboard */; };
		C1AF342D22FF94AA00D4E8B9 /* Assets.xcassets in Resources */ = {isa = PBXBuildFile; fileRef = C1AF342C22FF94AA00D4E8B9 /* Assets.xcassets */; };
		C1AF343022FF94AA00D4E8B9 /* LaunchScreen.storyboard in Resources */ = {isa = PBXBuildFile; fileRef = C1AF342E22FF94AA00D4E8B9 /* LaunchScreen.storyboard */; };
/* End PBXBuildFile section */

/* Begin PBXFileReference section */
		181925AC82BBCABACE5B3ACD /* Pods_MyNewsApp.framework */ = {isa = PBXFileReference; explicitFileType = wrapper.framework; includeInIndex = 0; path = Pods_MyNewsApp.framework; sourceTree = BUILT_PRODUCTS_DIR; };
		6DE310BD883A71746731047D /* Pods-MyNewsApp.release.xcconfig */ = {isa = PBXFileReference; includeInIndex = 1; lastKnownFileType = text.xcconfig; name = "Pods-MyNewsApp.release.xcconfig"; path = "Target Support Files/Pods-MyNewsApp/Pods-MyNewsApp.release.xcconfig"; sourceTree = "<group>"; };
		8CB612B8B74EF175278B5851 /* Pods-MyNewsApp.debug.xcconfig */ = {isa = PBXFileReference; includeInIndex = 1; lastKnownFileType = text.xcconfig; name = "Pods-MyNewsApp.debug.xcconfig"; path = "Target Support Files/Pods-MyNewsApp/Pods-MyNewsApp.debug.xcconfig"; sourceTree = "<group>"; };
		C1AF342222FF94A900D4E8B9 /* MyNewsApp.app */ = {isa = PBXFileReference; explicitFileType = wrapper.application; includeInIndex = 0; path = MyNewsApp.app; sourceTree = BUILT_PRODUCTS_DIR; };
		C1AF342522FF94A900D4E8B9 /* AppDelegate.swift */ = {isa = PBXFileReference; lastKnownFileType = sourcecode.swift; path = AppDelegate.swift; sourceTree = "<group>"; };
		C1AF342722FF94A900D4E8B9 /* ViewController.swift */ = {isa = PBXFileReference; lastKnownFileType = sourcecode.swift; path = ViewController.swift; sourceTree = "<group>"; };
		C1AF342A22FF94A900D4E8B9 /* Base */ = {isa = PBXFileReference; lastKnownFileType = file.storyboard; name = Base; path = Base.lproj/Main.storyboard; sourceTree = "<group>"; };
		C1AF342C22FF94AA00D4E8B9 /* Assets.xcassets */ = {isa = PBXFileReference; lastKnownFileType = folder.assetcatalog; path = Assets.xcassets; sourceTree = "<group>"; };
		C1AF342F22FF94AA00D4E8B9 /* Base */ = {isa = PBXFileReference; lastKnownFileType = file.storyboard; name = Base; path = Base.lproj/LaunchScreen.storyboard; sourceTree = "<group>"; };
		C1AF343122FF94AA00D4E8B9 /* Info.plist */ = {isa = PBXFileReference; lastKnownFileType = text.plist.xml; path = Info.plist; sourceTree = "<group>"; };
/* End PBXFileReference section */

/* Begin PBXFrameworksBuildPhase section */
		C1AF341F22FF94A900D4E8B9 /* Frameworks */ = {
			isa = PBXFrameworksBuildPhase;
			buildActionMask = 2147483647;
			files = (
				AB6F0D055C6B529DC879A6D3 /* Pods_MyNewsApp.framework in Frameworks */,
			);
			runOnlyForDeploymentPostprocessing = 0;
		};
/* End PBXFrameworksBuildPhase section */

/* Begin PBXGroup section */
		948E362CD48DF70280577F75 /* Frameworks */ = {
			isa = PBXGroup;
			children = (
				181925AC82BBCABACE5B3ACD /* Pods_MyNewsApp.framework */,
			);
			name = Frameworks;
			sourceTree = "<group>";
		};
		C1AF341922FF94A900D4E8B9 = {
			isa = PBXGroup;
			children = (
				C1AF342422FF94A900D4E8B9 /* MyNewsApp */,
				C1AF342322FF94A900D4E8B9 /* Products */,
				F4286E6431405F05C3D7777F /* Pods */,
				948E362CD48DF70280577F75 /* Frameworks */,
			);
			sourceTree = "<group>";
		};
		C1AF342322FF94A900D4E8B9 /* Products */ = {
			isa = PBXGroup;
			children = (
				C1AF342222FF94A900D4E8B9 /* MyNewsApp.app */,
			);
			name = Products;
			sourceTree = "<group>";
		};
		C1AF342422FF94A900D4E8B9 /* MyNewsApp */ = {
			isa = PBXGroup;
			children = (
				C1AF342522FF94A900D4E8B9 /* AppDelegate.swift */,
				C1AF342722FF94A900D4E8B9 /* ViewController.swift */,
				C1AF342922FF94A900D4E8B9 /* Main.storyboard */,
				C1AF342C22FF94AA00D4E8B9 /* Assets.xcassets */,
				C1AF342E22FF94AA00D4E8B9 /* LaunchScreen.storyboard */,
				C1AF343122FF94AA00D4E8B9 /* Info.plist */,
			);
			path = MyNewsApp;
			sourceTree = "<group>";
		};
		F4286E6431405F05C3D7777F /* Pods */ = {
			isa = PBXGroup;
			children = (
				8CB612B8B74EF175278B5851 /* Pods-MyNewsApp.debug.xcconfig */,
				6DE310BD883A71746731047D /* Pods-MyNewsApp.release.xcconfig */,
			);
			path = Pods;
			sourceTree = "<group>";
		};
/* End PBXGroup section */

/* Begin PBXNativeTarget section */
		C1AF342122FF94A900D4E8B9 /* MyNewsApp */ = {
			isa = PBXNativeTarget;
			buildConfigurationList = C1AF343422FF94AA00D4E8B9 /* Build configuration list for PBXNativeTarget "MyNewsApp" */;
			buildPhases = (
				72C4C32BD6E4C26429551015 /* [CP] Check Pods Manifest.lock */,
				C1AF341E22FF94A900D4E8B9 /* Sources */,
				C1AF341F22FF94A900D4E8B9 /* Frameworks */,
				C1AF342022FF94A900D4E8B9 /* Resources */,
				5F1FE04D972010C1C88FA6CE /* [CP] Embed Pods Frameworks */,
			);
			buildRules = (
			);
			dependencies = (
			);
			name = MyNewsApp;
			productName = MyNewsApp;
			productReference = C1AF342222FF94A900D4E8B9 /* MyNewsApp.app */;
			productType = "com.apple.product-type.application";
		};
/* End PBXNativeTarget section */

/* Begin PBXProject section */
		C1AF341A22FF94A900D4E8B9 /* Project object */ = {
			isa = PBXProject;
			attributes = {
				LastSwiftUpdateCheck = 1020;
				LastUpgradeCheck = 1020;
				ORGANIZATIONNAME = VERTEX24;
				TargetAttributes = {
					C1AF342122FF94A900D4E8B9 = {
						CreatedOnToolsVersion = 10.2.1;
					};
				};
			};
			buildConfigurationList = C1AF341D22FF94A900D4E8B9 /* Build configuration list for PBXProject "MyNewsApp" */;
			compatibilityVersion = "Xcode 9.3";
			developmentRegion = en;
			hasScannedForEncodings = 0;
			knownRegions = (
				en,
				Base,
			);
			mainGroup = C1AF341922FF94A900D4E8B9;
			productRefGroup = C1AF342322FF94A900D4E8B9 /* Products */;
			projectDirPath = "";
			projectRoot = "";
			targets = (
				C1AF342122FF94A900D4E8B9 /* MyNewsApp */,
			);
		};
/* End PBXProject section */

/* Begin PBXResourcesBuildPhase section */
		C1AF342022FF94A900D4E8B9 /* Resources */ = {
			isa = PBXResourcesBuildPhase;
			buildActionMask = 2147483647;
			files = (
				C1AF343022FF94AA00D4E8B9 /* LaunchScreen.storyboard in Resources */,
				C1AF342D22FF94AA00D4E8B9 /* Assets.xcassets in Resources */,
				C1AF342B22FF94A900D4E8B9 /* Main.storyboard in Resources */,
			);
			runOnlyForDeploymentPostprocessing = 0;
		};
/* End PBXResourcesBuildPhase section */

/* Begin PBXShellScriptBuildPhase section */
		5F1FE04D972010C1C88FA6CE /* [CP] Embed Pods Frameworks */ = {
			isa = PBXShellScriptBuildPhase;
			buildActionMask = 2147483647;
			files = (
			);
			inputFileListPaths = (
				"${PODS_ROOT}/Target Support Files/Pods-MyNewsApp/Pods-MyNewsApp-frameworks-${CONFIGURATION}-input-files.xcfilelist",
			);
			name = "[CP] Embed Pods Frameworks";
			outputFileListPaths = (
				"${PODS_ROOT}/Target Support Files/Pods-MyNewsApp/Pods-MyNewsApp-frameworks-${CONFIGURATION}-output-files.xcfilelist",
			);
			runOnlyForDeploymentPostprocessing = 0;
			shellPath = /bin/sh;
			shellScript = "\"${PODS_ROOT}/Target Support Files/Pods-MyNewsApp/Pods-MyNewsApp-frameworks.sh\"\n";
			showEnvVarsInLog = 0;
		};
		72C4C32BD6E4C26429551015 /* [CP] Check Pods Manifest.lock */ = {
			isa = PBXShellScriptBuildPhase;
			buildActionMask = 2147483647;
			files = (
			);
			inputFileListPaths = (
			);
			inputPaths = (
				"${PODS_PODFILE_DIR_PATH}/Podfile.lock",
				"${PODS_ROOT}/Manifest.lock",
			);
			name = "[CP] Check Pods Manifest.lock";
			outputFileListPaths = (
			);
			outputPaths = (
				"$(DERIVED_FILE_DIR)/Pods-MyNewsApp-checkManifestLockResult.txt",
			);
			runOnlyForDeploymentPostprocessing = 0;
			shellPath = /bin/sh;
			shellScript = "diff \"${PODS_PODFILE_DIR_PATH}/Podfile.lock\" \"${PODS_ROOT}/Manifest.lock\" > /dev/null\nif [ $? != 0 ] ; then\n    # print error to STDERR\n    echo \"error: The sandbox is not in sync with the Podfile.lock. Run 'pod install' or update your CocoaPods installation.\" >&2\n    exit 1\nfi\n# This output is used by Xcode 'outputs' to avoid re-running this script phase.\necho \"SUCCESS\" > \"${SCRIPT_OUTPUT_FILE_0}\"\n";
			showEnvVarsInLog = 0;
		};
/* End PBXShellScriptBuildPhase section */

/* Begin PBXSourcesBuildPhase section */
		C1AF341E22FF94A900D4E8B9 /* Sources */ = {
			isa = PBXSourcesBuildPhase;
			buildActionMask = 2147483647;
			files = (
				C1AF342822FF94A900D4E8B9 /* ViewController.swift in Sources */,
				C1AF342622FF94A900D4E8B9 /* AppDelegate.swift in Sources */,
			);
			runOnlyForDeploymentPostprocessing = 0;
		};
/* End PBXSourcesBuildPhase section */

/* Begin PBXVariantGroup section */
		C1AF342922FF94A900D4E8B9 /* Main.storyboard */ = {
			isa = PBXVariantGroup;
			children = (
				C1AF342A22FF94A900D4E8B9 /* Base */,
			);
			name = Main.storyboard;
			sourceTree = "<group>";
		};
		C1AF342E22FF94AA00D4E8B9 /* LaunchScreen.storyboard */ = {
			isa = PBXVariantGroup;
			children = (
				C1AF342F22FF94AA00D4E8B9 /* Base */,
			);
			name = LaunchScreen.storyboard;
			sourceTree = "<group>";
		};
/* End PBXVariantGroup section */

/* Begin XCBuildConfiguration section */
		C1AF343222FF94AA00D4E8B9 /* Debug */ = {
			isa = XCBuildConfiguration;
			buildSettings = {
				ALWAYS_SEARCH_USER_PATHS = NO;
				CLANG_ANALYZER_NONNULL = YES;
				CLANG_ANALYZER_NUMBER_OBJECT_CONVERSION = YES_AGGRESSIVE;
				CLANG_CXX_LANGUAGE_STANDARD = "gnu++14";
				CLANG_CXX_LIBRARY = "libc++";
				CLANG_ENABLE_MODULES = YES;
				CLANG_ENABLE_OBJC_ARC = YES;
				CLANG_ENABLE_OBJC_WEAK = YES;
				CLANG_WARN_BLOCK_CAPTURE_AUTORELEASING = YES;
				CLANG_WARN_BOOL_CONVERSION = YES;
				CLANG_WARN_COMMA = YES;
				CLANG_WARN_CONSTANT_CONVERSION = YES;
				CLANG_WARN_DEPRECATED_OBJC_IMPLEMENTATIONS = YES;
				CLANG_WARN_DIRECT_OBJC_ISA_USAGE = YES_ERROR;
				CLANG_WARN_DOCUMENTATION_COMMENTS = YES;
				CLANG_WARN_EMPTY_BODY = YES;
				CLANG_WARN_ENUM_CONVERSION = YES;
				CLANG_WARN_INFINITE_RECURSION = YES;
				CLANG_WARN_INT_CONVERSION = YES;
				CLANG_WARN_NON_LITERAL_NULL_CONVERSION = YES;
				CLANG_WARN_OBJC_IMPLICIT_RETAIN_SELF = YES;
				CLANG_WARN_OBJC_LITERAL_CONVERSION = YES;
				CLANG_WARN_OBJC_ROOT_CLASS = YES_ERROR;
				CLANG_WARN_RANGE_LOOP_ANALYSIS = YES;
				CLANG_WARN_STRICT_PROTOTYPES = YES;
				CLANG_WARN_SUSPICIOUS_MOVE = YES;
				CLANG_WARN_UNGUARDED_AVAILABILITY = YES_AGGRESSIVE;
				CLANG_WARN_UNREACHABLE_CODE = YES;
				CLANG_WARN__DUPLICATE_METHOD_MATCH = YES;
				CODE_SIGN_IDENTITY = "iPhone Developer";
				COPY_PHASE_STRIP = NO;
				DEBUG_INFORMATION_FORMAT = dwarf;
				ENABLE_STRICT_OBJC_MSGSEND = YES;
				ENABLE_TESTABILITY = YES;
				GCC_C_LANGUAGE_STANDARD = gnu11;
				GCC_DYNAMIC_NO_PIC = NO;
				GCC_NO_COMMON_BLOCKS = YES;
				GCC_OPTIMIZATION_LEVEL = 0;
				GCC_PREPROCESSOR_DEFINITIONS = (
					"DEBUG=1",
					"$(inherited)",
				);
				GCC_WARN_64_TO_32_BIT_CONVERSION = YES;
				GCC_WARN_ABOUT_RETURN_TYPE = YES_ERROR;
				GCC_WARN_UNDECLARED_SELECTOR = YES;
				GCC_WARN_UNINITIALIZED_AUTOS = YES_AGGRESSIVE;
				GCC_WARN_UNUSED_FUNCTION = YES;
				GCC_WARN_UNUSED_VARIABLE = YES;
				IPHONEOS_DEPLOYMENT_TARGET = 12.2;
				MTL_ENABLE_DEBUG_INFO = INCLUDE_SOURCE;
				MTL_FAST_MATH = YES;
				ONLY_ACTIVE_ARCH = YES;
				SDKROOT = iphoneos;
				SWIFT_ACTIVE_COMPILATION_CONDITIONS = DEBUG;
				SWIFT_OPTIMIZATION_LEVEL = "-Onone";
			};
			name = Debug;
		};
		C1AF343322FF94AA00D4E8B9 /* Release */ = {
			isa = XCBuildConfiguration;
			buildSettings = {
				ALWAYS_SEARCH_USER_PATHS = NO;
				CLANG_ANALYZER_NONNULL = YES;
				CLANG_ANALYZER_NUMBER_OBJECT_CONVERSION = YES_AGGRESSIVE;
				CLANG_CXX_LANGUAGE_STANDARD = "gnu++14";
				CLANG_CXX_LIBRARY = "libc++";
				CLANG_ENABLE_MODULES = YES;
				CLANG_ENABLE_OBJC_ARC = YES;
				CLANG_ENABLE_OBJC_WEAK = YES;
				CLANG_WARN_BLOCK_CAPTURE_AUTORELEASING = YES;
				CLANG_WARN_BOOL_CONVERSION = YES;
				CLANG_WARN_COMMA = YES;
				CLANG_WARN_CONSTANT_CONVERSION = YES;
				CLANG_WARN_DEPRECATED_OBJC_IMPLEMENTATIONS = YES;
				CLANG_WARN_DIRECT_OBJC_ISA_USAGE = YES_ERROR;
				CLANG_WARN_DOCUMENTATION_COMMENTS = YES;
				CLANG_WARN_EMPTY_BODY = YES;
				CLANG_WARN_ENUM_CONVERSION = YES;
				CLANG_WARN_INFINITE_RECURSION = YES;
				CLANG_WARN_INT_CONVERSION = YES;
				CLANG_WARN_NON_LITERAL_NULL_CONVERSION = YES;
				CLANG_WARN_OBJC_IMPLICIT_RETAIN_SELF = YES;
				CLANG_WARN_OBJC_LITERAL_CONVERSION = YES;
				CLANG_WARN_OBJC_ROOT_CLASS = YES_ERROR;
				CLANG_WARN_RANGE_LOOP_ANALYSIS = YES;
				CLANG_WARN_STRICT_PROTOTYPES = YES;
				CLANG_WARN_SUSPICIOUS_MOVE = YES;
				CLANG_WARN_UNGUARDED_AVAILABILITY = YES_AGGRESSIVE;
				CLANG_WARN_UNREACHABLE_CODE = YES;
				CLANG_WARN__DUPLICATE_METHOD_MATCH = YES;
				CODE_SIGN_IDENTITY = "iPhone Developer";
				COPY_PHASE_STRIP = NO;
				DEBUG_INFORMATION_FORMAT = "dwarf-with-dsym";
				ENABLE_NS_ASSERTIONS = NO;
				ENABLE_STRICT_OBJC_MSGSEND = YES;
				GCC_C_LANGUAGE_STANDARD = gnu11;
				GCC_NO_COMMON_BLOCKS = YES;
				GCC_WARN_64_TO_32_BIT_CONVERSION = YES;
				GCC_WARN_ABOUT_RETURN_TYPE = YES_ERROR;
				GCC_WARN_UNDECLARED_SELECTOR = YES;
				GCC_WARN_UNINITIALIZED_AUTOS = YES_AGGRESSIVE;
				GCC_WARN_UNUSED_FUNCTION = YES;
				GCC_WARN_UNUSED_VARIABLE = YES;
				IPHONEOS_DEPLOYMENT_TARGET = 12.2;
				MTL_ENABLE_DEBUG_INFO = NO;
				MTL_FAST_MATH = YES;
				SDKROOT = iphoneos;
				SWIFT_COMPILATION_MODE = wholemodule;
				SWIFT_OPTIMIZATION_LEVEL = "-O";
				VALIDATE_PRODUCT = YES;
			};
			name = Release;
		};
		C1AF343522FF94AA00D4E8B9 /* Debug */ = {
			isa = XCBuildConfiguration;
			baseConfigurationReference = 8CB612B8B74EF175278B5851 /* Pods-MyNewsApp.debug.xcconfig */;
			buildSettings = {
				ASSETCATALOG_COMPILER_APPICON_NAME = AppIcon;
				CODE_SIGN_STYLE = Automatic;
				INFOPLIST_FILE = MyNewsApp/Info.plist;
				LD_RUNPATH_SEARCH_PATHS = (
					"$(inherited)",
					"@executable_path/Frameworks",
				);
				PRODUCT_BUNDLE_IDENTIFIER = asobi.MyNewsApp;
				PRODUCT_NAME = "$(TARGET_NAME)";
				SWIFT_VERSION = 5.0;
				TARGETED_DEVICE_FAMILY = "1,2";
			};
			name = Debug;
		};
		C1AF343622FF94AA00D4E8B9 /* Release */ = {
			isa = XCBuildConfiguration;
			baseConfigurationReference = 6DE310BD883A71746731047D /* Pods-MyNewsApp.release.xcconfig */;
			buildSettings = {
				ASSETCATALOG_COMPILER_APPICON_NAME = AppIcon;
				CODE_SIGN_STYLE = Automatic;
				INFOPLIST_FILE = MyNewsApp/Info.plist;
				LD_RUNPATH_SEARCH_PATHS = (
					"$(inherited)",
					"@executable_path/Frameworks",
				);
				PRODUCT_BUNDLE_IDENTIFIER = asobi.MyNewsApp;
				PRODUCT_NAME = "$(TARGET_NAME)";
				SWIFT_VERSION = 5.0;
				TARGETED_DEVICE_FAMILY = "1,2";
			};
			name = Release;
		};
/* End XCBuildConfiguration section */

/* Begin XCConfigurationList section */
		C1AF341D22FF94A900D4E8B9 /* Build configuration list for PBXProject "MyNewsApp" */ = {
			isa = XCConfigurationList;
			buildConfigurations = (
				C1AF343222FF94AA00D4E8B9 /* Debug */,
				C1AF343322FF94AA00D4E8B9 /* Release */,
			);
			defaultConfigurationIsVisible = 0;
			defaultConfigurationName = Release;
		};
		C1AF343422FF94AA00D4E8B9 /* Build configuration list for PBXNativeTarget "MyNewsApp" */ = {
			isa = XCConfigurationList;
			buildConfigurations = (
				C1AF343522FF94AA00D4E8B9 /* Debug */,
				C1AF343622FF94AA00D4E8B9 /* Release */,
			);
			defaultConfigurationIsVisible = 0;
			defaultConfigurationName = Release;
		};
/* End XCConfigurationList section */
	};
	rootObject = C1AF341A22FF94A900D4E8B9 /* Project object */;
}
